
Microsoft Visual Studio Solution File, Format Version 12.00
# Visual Studio 15
VisualStudioVersion = 15.0.27703.2047
MinimumVisualStudioVersion = 10.0.40219.1
Project("{2150E333-8FDC-42A3-9474-1A3956D46DE8}") = "Platforms", "Platforms", "{B80B6043-8805-4583-B113-3C227935BAF9}"
EndProject
Project("{FAE04EC0-301F-11D3-BF4B-00C04F79EFBC}") = "Android", "Platforms\Android\Android.csproj", "{12AD15BC-130B-46C2-B89E-FAE97027BBF3}"
EndProject
Project("{FAE04EC0-301F-11D3-BF4B-00C04F79EFBC}") = "Windows", "Platforms\Windows\Windows.csproj", "{449F5D61-1AC5-4855-8E21-DA554FA03D58}"
EndProject
Project("{FAE04EC0-301F-11D3-BF4B-00C04F79EFBC}") = "Ios", "Platforms\Ios\Ios.csproj", "{3D306D23-B30A-40F7-8AD3-38A43155087B}"
EndProject
Project("{D954291E-2A0B-460D-934E-DC6B0785DB48}") = "RPGEngine", "RPGEngine\RPGEngine.shproj", "{A0CDBD0E-3A41-42B7-9425-A838BC2C7383}"
EndProject
Project("{FAE04EC0-301F-11D3-BF4B-00C04F79EFBC}") = "RPGTextRes", "RPGTextRes\RPGTextRes.csproj", "{FF714843-F4F3-4B07-83E6-9D4734110B72}"
EndProject
Global
	GlobalSection(SharedMSBuildProjectFiles) = preSolution
		RPGEngine\RPGEngine.projitems*{12ad15bc-130b-46c2-b89e-fae97027bbf3}*SharedItemsImports = 4
		RPGEngine\RPGEngine.projitems*{3d306d23-b30a-40f7-8ad3-38a43155087b}*SharedItemsImports = 4
		RPGEngine\RPGEngine.projitems*{449f5d61-1ac5-4855-8e21-da554fa03d58}*SharedItemsImports = 4
		RPGEngine\RPGEngine.projitems*{a0cdbd0e-3a41-42b7-9425-a838bc2c7383}*SharedItemsImports = 13
	EndGlobalSection
	GlobalSection(SolutionConfigurationPlatforms) = preSolution
		Ad-Hoc|Any CPU = Ad-Hoc|Any CPU
		Ad-Hoc|iPhone = Ad-Hoc|iPhone
		Ad-Hoc|iPhoneSimulator = Ad-Hoc|iPhoneSimulator
		Ad-Hoc|x64 = Ad-Hoc|x64
		Ad-Hoc|x86 = Ad-Hoc|x86
		AppStore|Any CPU = AppStore|Any CPU
		AppStore|iPhone = AppStore|iPhone
		AppStore|iPhoneSimulator = AppStore|iPhoneSimulator
		AppStore|x64 = AppStore|x64
		AppStore|x86 = AppStore|x86
		Debug|Any CPU = Debug|Any CPU
		Debug|iPhone = Debug|iPhone
		Debug|iPhoneSimulator = Debug|iPhoneSimulator
		Debug|x64 = Debug|x64
		Debug|x86 = Debug|x86
		Release|Any CPU = Release|Any CPU
		Release|iPhone = Release|iPhone
		Release|iPhoneSimulator = Release|iPhoneSimulator
		Release|x64 = Release|x64
		Release|x86 = Release|x86
	EndGlobalSection
	GlobalSection(ProjectConfigurationPlatforms) = postSolution
		{12AD15BC-130B-46C2-B89E-FAE97027BBF3}.Ad-Hoc|Any CPU.ActiveCfg = Release|Any CPU
		{12AD15BC-130B-46C2-B89E-FAE97027BBF3}.Ad-Hoc|iPhone.ActiveCfg = Release|Any CPU
		{12AD15BC-130B-46C2-B89E-FAE97027BBF3}.Ad-Hoc|iPhoneSimulator.ActiveCfg = Release|Any CPU
		{12AD15BC-130B-46C2-B89E-FAE97027BBF3}.Ad-Hoc|x64.ActiveCfg = Release|x64
		{12AD15BC-130B-46C2-B89E-FAE97027BBF3}.Ad-Hoc|x86.ActiveCfg = Debug|x86
		{12AD15BC-130B-46C2-B89E-FAE97027BBF3}.AppStore|Any CPU.ActiveCfg = Release|Any CPU
		{12AD15BC-130B-46C2-B89E-FAE97027BBF3}.AppStore|iPhone.ActiveCfg = Release|Any CPU
		{12AD15BC-130B-46C2-B89E-FAE97027BBF3}.AppStore|iPhoneSimulator.ActiveCfg = Release|Any CPU
		{12AD15BC-130B-46C2-B89E-FAE97027BBF3}.AppStore|x64.ActiveCfg = Release|x64
		{12AD15BC-130B-46C2-B89E-FAE97027BBF3}.AppStore|x86.ActiveCfg = Release|x86
		{12AD15BC-130B-46C2-B89E-FAE97027BBF3}.Debug|Any CPU.ActiveCfg = Debug|Any CPU
		{12AD15BC-130B-46C2-B89E-FAE97027BBF3}.Debug|Any CPU.Build.0 = Debug|Any CPU
		{12AD15BC-130B-46C2-B89E-FAE97027BBF3}.Debug|Any CPU.Deploy.0 = Debug|Any CPU
		{12AD15BC-130B-46C2-B89E-FAE97027BBF3}.Debug|iPhone.ActiveCfg = Debug|Any CPU
		{12AD15BC-130B-46C2-B89E-FAE97027BBF3}.Debug|iPhoneSimulator.ActiveCfg = Debug|Any CPU
		{12AD15BC-130B-46C2-B89E-FAE97027BBF3}.Debug|x64.ActiveCfg = Debug|x64
		{12AD15BC-130B-46C2-B89E-FAE97027BBF3}.Debug|x64.Build.0 = Debug|x64
		{12AD15BC-130B-46C2-B89E-FAE97027BBF3}.Debug|x64.Deploy.0 = Debug|x64
		{12AD15BC-130B-46C2-B89E-FAE97027BBF3}.Debug|x86.ActiveCfg = Debug|x86
		{12AD15BC-130B-46C2-B89E-FAE97027BBF3}.Debug|x86.Build.0 = Debug|x86
		{12AD15BC-130B-46C2-B89E-FAE97027BBF3}.Debug|x86.Deploy.0 = Debug|x86
		{12AD15BC-130B-46C2-B89E-FAE97027BBF3}.Release|Any CPU.ActiveCfg = Release|Any CPU
		{12AD15BC-130B-46C2-B89E-FAE97027BBF3}.Release|Any CPU.Build.0 = Release|Any CPU
		{12AD15BC-130B-46C2-B89E-FAE97027BBF3}.Release|Any CPU.Deploy.0 = Release|Any CPU
		{12AD15BC-130B-46C2-B89E-FAE97027BBF3}.Release|iPhone.ActiveCfg = Release|Any CPU
		{12AD15BC-130B-46C2-B89E-FAE97027BBF3}.Release|iPhoneSimulator.ActiveCfg = Release|Any CPU
		{12AD15BC-130B-46C2-B89E-FAE97027BBF3}.Release|x64.ActiveCfg = Release|x64
		{12AD15BC-130B-46C2-B89E-FAE97027BBF3}.Release|x64.Build.0 = Release|x64
		{12AD15BC-130B-46C2-B89E-FAE97027BBF3}.Release|x64.Deploy.0 = Release|x64
		{12AD15BC-130B-46C2-B89E-FAE97027BBF3}.Release|x86.ActiveCfg = Release|x86
		{12AD15BC-130B-46C2-B89E-FAE97027BBF3}.Release|x86.Build.0 = Release|x86
		{12AD15BC-130B-46C2-B89E-FAE97027BBF3}.Release|x86.Deploy.0 = Release|x86
		{449F5D61-1AC5-4855-8E21-DA554FA03D58}.Ad-Hoc|Any CPU.ActiveCfg = Release|Any CPU
		{449F5D61-1AC5-4855-8E21-DA554FA03D58}.Ad-Hoc|iPhone.ActiveCfg = Release|Any CPU
		{449F5D61-1AC5-4855-8E21-DA554FA03D58}.Ad-Hoc|iPhoneSimulator.ActiveCfg = Release|Any CPU
		{449F5D61-1AC5-4855-8E21-DA554FA03D58}.Ad-Hoc|x64.ActiveCfg = Release|x64
		{449F5D61-1AC5-4855-8E21-DA554FA03D58}.Ad-Hoc|x86.ActiveCfg = Release|x86
		{449F5D61-1AC5-4855-8E21-DA554FA03D58}.AppStore|Any CPU.ActiveCfg = Release|Any CPU
		{449F5D61-1AC5-4855-8E21-DA554FA03D58}.AppStore|iPhone.ActiveCfg = Release|Any CPU
		{449F5D61-1AC5-4855-8E21-DA554FA03D58}.AppStore|iPhoneSimulator.ActiveCfg = Release|Any CPU
		{449F5D61-1AC5-4855-8E21-DA554FA03D58}.AppStore|x64.ActiveCfg = Release|x64
		{449F5D61-1AC5-4855-8E21-DA554FA03D58}.AppStore|x86.ActiveCfg = Release|x86
		{449F5D61-1AC5-4855-8E21-DA554FA03D58}.Debug|Any CPU.ActiveCfg = Debug|Any CPU
		{449F5D61-1AC5-4855-8E21-DA554FA03D58}.Debug|Any CPU.Build.0 = Debug|Any CPU
		{449F5D61-1AC5-4855-8E21-DA554FA03D58}.Debug|iPhone.ActiveCfg = Debug|Any CPU
		{449F5D61-1AC5-4855-8E21-DA554FA03D58}.Debug|iPhoneSimulator.ActiveCfg = Debug|Any CPU
		{449F5D61-1AC5-4855-8E21-DA554FA03D58}.Debug|x64.ActiveCfg = Debug|x64
		{449F5D61-1AC5-4855-8E21-DA554FA03D58}.Debug|x64.Build.0 = Debug|x64
		{449F5D61-1AC5-4855-8E21-DA554FA03D58}.Debug|x86.ActiveCfg = Debug|x86
		{449F5D61-1AC5-4855-8E21-DA554FA03D58}.Debug|x86.Build.0 = Debug|x86
		{449F5D61-1AC5-4855-8E21-DA554FA03D58}.Release|Any CPU.ActiveCfg = Release|Any CPU
		{449F5D61-1AC5-4855-8E21-DA554FA03D58}.Release|Any CPU.Build.0 = Release|Any CPU
		{449F5D61-1AC5-4855-8E21-DA554FA03D58}.Release|iPhone.ActiveCfg = Release|Any CPU
		{449F5D61-1AC5-4855-8E21-DA554FA03D58}.Release|iPhoneSimulator.ActiveCfg = Release|Any CPU
		{449F5D61-1AC5-4855-8E21-DA554FA03D58}.Release|x64.ActiveCfg = Release|x64
		{449F5D61-1AC5-4855-8E21-DA554FA03D58}.Release|x64.Build.0 = Release|x64
		{449F5D61-1AC5-4855-8E21-DA554FA03D58}.Release|x86.ActiveCfg = Release|x86
		{449F5D61-1AC5-4855-8E21-DA554FA03D58}.Release|x86.Build.0 = Release|x86
		{3D306D23-B30A-40F7-8AD3-38A43155087B}.Ad-Hoc|Any CPU.ActiveCfg = Ad-Hoc|iPhone
		{3D306D23-B30A-40F7-8AD3-38A43155087B}.Ad-Hoc|iPhone.ActiveCfg = Ad-Hoc|iPhone
		{3D306D23-B30A-40F7-8AD3-38A43155087B}.Ad-Hoc|iPhone.Build.0 = Ad-Hoc|iPhone
		{3D306D23-B30A-40F7-8AD3-38A43155087B}.Ad-Hoc|iPhoneSimulator.ActiveCfg = Ad-Hoc|iPhoneSimulator
		{3D306D23-B30A-40F7-8AD3-38A43155087B}.Ad-Hoc|iPhoneSimulator.Build.0 = Ad-Hoc|iPhoneSimulator
		{3D306D23-B30A-40F7-8AD3-38A43155087B}.Ad-Hoc|x64.ActiveCfg = Ad-Hoc|iPhone
		{3D306D23-B30A-40F7-8AD3-38A43155087B}.Ad-Hoc|x86.ActiveCfg = Ad-Hoc|iPhone
		{3D306D23-B30A-40F7-8AD3-38A43155087B}.AppStore|Any CPU.ActiveCfg = AppStore|iPhone
		{3D306D23-B30A-40F7-8AD3-38A43155087B}.AppStore|iPhone.ActiveCfg = AppStore|iPhone
		{3D306D23-B30A-40F7-8AD3-38A43155087B}.AppStore|iPhone.Build.0 = AppStore|iPhone
		{3D306D23-B30A-40F7-8AD3-38A43155087B}.AppStore|iPhoneSimulator.ActiveCfg = AppStore|iPhoneSimulator
		{3D306D23-B30A-40F7-8AD3-38A43155087B}.AppStore|iPhoneSimulator.Build.0 = AppStore|iPhoneSimulator
		{3D306D23-B30A-40F7-8AD3-38A43155087B}.AppStore|x64.ActiveCfg = AppStore|iPhone
		{3D306D23-B30A-40F7-8AD3-38A43155087B}.AppStore|x86.ActiveCfg = AppStore|iPhone
		{3D306D23-B30A-40F7-8AD3-38A43155087B}.Debug|Any CPU.ActiveCfg = Debug|iPhone
		{3D306D23-B30A-40F7-8AD3-38A43155087B}.Debug|iPhone.ActiveCfg = Debug|iPhone
		{3D306D23-B30A-40F7-8AD3-38A43155087B}.Debug|iPhone.Build.0 = Debug|iPhone
		{3D306D23-B30A-40F7-8AD3-38A43155087B}.Debug|iPhoneSimulator.ActiveCfg = Debug|iPhoneSimulator
		{3D306D23-B30A-40F7-8AD3-38A43155087B}.Debug|iPhoneSimulator.Build.0 = Debug|iPhoneSimulator
		{3D306D23-B30A-40F7-8AD3-38A43155087B}.Debug|x64.ActiveCfg = Debug|iPhone
		{3D306D23-B30A-40F7-8AD3-38A43155087B}.Debug|x86.ActiveCfg = Debug|iPhone
		{3D306D23-B30A-40F7-8AD3-38A43155087B}.Release|Any CPU.ActiveCfg = Release|iPhone
		{3D306D23-B30A-40F7-8AD3-38A43155087B}.Release|iPhone.ActiveCfg = Release|iPhone
		{3D306D23-B30A-40F7-8AD3-38A43155087B}.Release|iPhone.Build.0 = Release|iPhone
		{3D306D23-B30A-40F7-8AD3-38A43155087B}.Release|iPhoneSimulator.ActiveCfg = Release|iPhoneSimulator
		{3D306D23-B30A-40F7-8AD3-38A43155087B}.Release|iPhoneSimulator.Build.0 = Release|iPhoneSimulator
		{3D306D23-B30A-40F7-8AD3-38A43155087B}.Release|x64.ActiveCfg = Release|iPhone
		{3D306D23-B30A-40F7-8AD3-38A43155087B}.Release|x86.ActiveCfg = Release|iPhone
		{FF714843-F4F3-4B07-83E6-9D4734110B72}.Ad-Hoc|Any CPU.ActiveCfg = Release|Any CPU
		{FF714843-F4F3-4B07-83E6-9D4734110B72}.Ad-Hoc|Any CPU.Build.0 = Release|Any CPU
		{FF714843-F4F3-4B07-83E6-9D4734110B72}.Ad-Hoc|iPhone.ActiveCfg = Release|Any CPU
		{FF714843-F4F3-4B07-83E6-9D4734110B72}.Ad-Hoc|iPhone.Build.0 = Release|Any CPU
		{FF714843-F4F3-4B07-83E6-9D4734110B72}.Ad-Hoc|iPhoneSimulator.ActiveCfg = Release|Any CPU
		{FF714843-F4F3-4B07-83E6-9D4734110B72}.Ad-Hoc|iPhoneSimulator.Build.0 = Release|Any CPU
		{FF714843-F4F3-4B07-83E6-9D4734110B72}.Ad-Hoc|x64.ActiveCfg = Release|Any CPU
		{FF714843-F4F3-4B07-83E6-9D4734110B72}.Ad-Hoc|x64.Build.0 = Release|Any CPU
		{FF714843-F4F3-4B07-83E6-9D4734110B72}.Ad-Hoc|x86.ActiveCfg = Release|Any CPU
		{FF714843-F4F3-4B07-83E6-9D4734110B72}.Ad-Hoc|x86.Build.0 = Release|Any CPU
		{FF714843-F4F3-4B07-83E6-9D4734110B72}.AppStore|Any CPU.ActiveCfg = Release|Any CPU
		{FF714843-F4F3-4B07-83E6-9D4734110B72}.AppStore|Any CPU.Build.0 = Release|Any CPU
		{FF714843-F4F3-4B07-83E6-9D4734110B72}.AppStore|iPhone.ActiveCfg = Release|Any CPU
		{FF714843-F4F3-4B07-83E6-9D4734110B72}.AppStore|iPhone.Build.0 = Release|Any CPU
		{FF714843-F4F3-4B07-83E6-9D4734110B72}.AppStore|iPhoneSimulator.ActiveCfg = Release|Any CPU
		{FF714843-F4F3-4B07-83E6-9D4734110B72}.AppStore|iPhoneSimulator.Build.0 = Release|Any CPU
		{FF714843-F4F3-4B07-83E6-9D4734110B72}.AppStore|x64.ActiveCfg = Release|Any CPU
		{FF714843-F4F3-4B07-83E6-9D4734110B72}.AppStore|x64.Build.0 = Release|Any CPU
		{FF714843-F4F3-4B07-83E6-9D4734110B72}.AppStore|x86.ActiveCfg = Release|Any CPU
		{FF714843-F4F3-4B07-83E6-9D4734110B72}.AppStore|x86.Build.0 = Release|Any CPU
		{FF714843-F4F3-4B07-83E6-9D4734110B72}.Debug|Any CPU.ActiveCfg = Debug|Any CPU
		{FF714843-F4F3-4B07-83E6-9D4734110B72}.Debug|Any CPU.Build.0 = Debug|Any CPU
		{FF714843-F4F3-4B07-83E6-9D4734110B72}.Debug|iPhone.ActiveCfg = Debug|Any CPU
		{FF714843-F4F3-4B07-83E6-9D4734110B72}.Debug|iPhone.Build.0 = Debug|Any CPU
		{FF714843-F4F3-4B07-83E6-9D4734110B72}.Debug|iPhoneSimulator.ActiveCfg = Debug|Any CPU
		{FF714843-F4F3-4B07-83E6-9D4734110B72}.Debug|iPhoneSimulator.Build.0 = Debug|Any CPU
		{FF714843-F4F3-4B07-83E6-9D4734110B72}.Debug|x64.ActiveCfg = Debug|Any CPU
		{FF714843-F4F3-4B07-83E6-9D4734110B72}.Debug|x64.Build.0 = Debug|Any CPU
		{FF714843-F4F3-4B07-83E6-9D4734110B72}.Debug|x86.ActiveCfg = Debug|Any CPU
		{FF714843-F4F3-4B07-83E6-9D4734110B72}.Debug|x86.Build.0 = Debug|Any CPU
		{FF714843-F4F3-4B07-83E6-9D4734110B72}.Release|Any CPU.ActiveCfg = Release|Any CPU
		{FF714843-F4F3-4B07-83E6-9D4734110B72}.Release|Any CPU.Build.0 = Release|Any CPU
		{FF714843-F4F3-4B07-83E6-9D4734110B72}.Release|iPhone.ActiveCfg = Release|Any CPU
		{FF714843-F4F3-4B07-83E6-9D4734110B72}.Release|iPhone.Build.0 = Release|Any CPU
		{FF714843-F4F3-4B07-83E6-9D4734110B72}.Release|iPhoneSimulator.ActiveCfg = Release|Any CPU
		{FF714843-F4F3-4B07-83E6-9D4734110B72}.Release|iPhoneSimulator.Build.0 = Release|Any CPU
		{FF714843-F4F3-4B07-83E6-9D4734110B72}.Release|x64.ActiveCfg = Release|Any CPU
		{FF714843-F4F3-4B07-83E6-9D4734110B72}.Release|x64.Build.0 = Release|Any CPU
		{FF714843-F4F3-4B07-83E6-9D4734110B72}.Release|x86.ActiveCfg = Release|Any CPU
		{FF714843-F4F3-4B07-83E6-9D4734110B72}.Release|x86.Build.0 = Release|Any CPU
	EndGlobalSection
	GlobalSection(SolutionProperties) = preSolution
		HideSolutionNode = FALSE
	EndGlobalSection
	GlobalSection(NestedProjects) = preSolution
		{12AD15BC-130B-46C2-B89E-FAE97027BBF3} = {B80B6043-8805-4583-B113-3C227935BAF9}
		{449F5D61-1AC5-4855-8E21-DA554FA03D58} = {B80B6043-8805-4583-B113-3C227935BAF9}
		{3D306D23-B30A-40F7-8AD3-38A43155087B} = {B80B6043-8805-4583-B113-3C227935BAF9}
	EndGlobalSection
	GlobalSection(ExtensibilityGlobals) = postSolution
		SolutionGuid = {8C2DC404-8E52-4D7D-84EC-0689D4D13CFA}
	EndGlobalSection
EndGlobal
