
Microsoft Visual Studio Solution File, Format Version 12.00
# Visual Studio 15
VisualStudioVersion = 15.0.27703.2047
MinimumVisualStudioVersion = 10.0.40219.1
Project("{D954291E-2A0B-460D-934E-DC6B0785DB48}") = "RPGEngine", "RPGEngine\RPGEngine.shproj", "{A0CDBD0E-3A41-42B7-9425-A838BC2C7383}"
EndProject
Project("{FAE04EC0-301F-11D3-BF4B-00C04F79EFBC}") = "Windows", "Platforms\Windows\Windows.csproj", "{583423C5-89F0-4CC2-8ABE-88BBA24385AE}"
EndProject
Project("{2150E333-8FDC-42A3-9474-1A3956D46DE8}") = "Platforms", "Platforms", "{B80B6043-8805-4583-B113-3C227935BAF9}"
EndProject
Project("{FAE04EC0-301F-11D3-BF4B-00C04F79EFBC}") = "Ios", "Platforms\Ios\Ios.csproj", "{80A96B52-6758-4BDB-B0B4-CEA4CA155C60}"
EndProject
Project("{FAE04EC0-301F-11D3-BF4B-00C04F79EFBC}") = "Android", "Platforms\Android\Android.csproj", "{12AD15BC-130B-46C2-B89E-FAE97027BBF3}"
EndProject
Global
	GlobalSection(SharedMSBuildProjectFiles) = preSolution
		RPGEngine\RPGEngine.projitems*{12ad15bc-130b-46c2-b89e-fae97027bbf3}*SharedItemsImports = 4
		RPGEngine\RPGEngine.projitems*{583423c5-89f0-4cc2-8abe-88bba24385ae}*SharedItemsImports = 4
		RPGEngine\RPGEngine.projitems*{80a96b52-6758-4bdb-b0b4-cea4ca155c60}*SharedItemsImports = 4
		RPGEngine\RPGEngine.projitems*{a0cdbd0e-3a41-42b7-9425-a838bc2c7383}*SharedItemsImports = 13
	EndGlobalSection
	GlobalSection(SolutionConfigurationPlatforms) = preSolution
		Ad-Hoc|Any CPU = Ad-Hoc|Any CPU
		Ad-Hoc|iPhone = Ad-Hoc|iPhone
		Ad-Hoc|iPhoneSimulator = Ad-Hoc|iPhoneSimulator
		AppStore|Any CPU = AppStore|Any CPU
		AppStore|iPhone = AppStore|iPhone
		AppStore|iPhoneSimulator = AppStore|iPhoneSimulator
		Debug|Any CPU = Debug|Any CPU
		Debug|iPhone = Debug|iPhone
		Debug|iPhoneSimulator = Debug|iPhoneSimulator
		Release|Any CPU = Release|Any CPU
		Release|iPhone = Release|iPhone
		Release|iPhoneSimulator = Release|iPhoneSimulator
	EndGlobalSection
	GlobalSection(ProjectConfigurationPlatforms) = postSolution
		{583423C5-89F0-4CC2-8ABE-88BBA24385AE}.Ad-Hoc|Any CPU.ActiveCfg = Release|Any CPU
		{583423C5-89F0-4CC2-8ABE-88BBA24385AE}.Ad-Hoc|Any CPU.Build.0 = Release|Any CPU
		{583423C5-89F0-4CC2-8ABE-88BBA24385AE}.Ad-Hoc|iPhone.ActiveCfg = Release|Any CPU
		{583423C5-89F0-4CC2-8ABE-88BBA24385AE}.Ad-Hoc|iPhone.Build.0 = Release|Any CPU
		{583423C5-89F0-4CC2-8ABE-88BBA24385AE}.Ad-Hoc|iPhoneSimulator.ActiveCfg = Release|Any CPU
		{583423C5-89F0-4CC2-8ABE-88BBA24385AE}.Ad-Hoc|iPhoneSimulator.Build.0 = Release|Any CPU
		{583423C5-89F0-4CC2-8ABE-88BBA24385AE}.AppStore|Any CPU.ActiveCfg = Release|Any CPU
		{583423C5-89F0-4CC2-8ABE-88BBA24385AE}.AppStore|Any CPU.Build.0 = Release|Any CPU
		{583423C5-89F0-4CC2-8ABE-88BBA24385AE}.AppStore|iPhone.ActiveCfg = Release|Any CPU
		{583423C5-89F0-4CC2-8ABE-88BBA24385AE}.AppStore|iPhone.Build.0 = Release|Any CPU
		{583423C5-89F0-4CC2-8ABE-88BBA24385AE}.AppStore|iPhoneSimulator.ActiveCfg = Release|Any CPU
		{583423C5-89F0-4CC2-8ABE-88BBA24385AE}.AppStore|iPhoneSimulator.Build.0 = Release|Any CPU
		{583423C5-89F0-4CC2-8ABE-88BBA24385AE}.Debug|Any CPU.ActiveCfg = Debug|Any CPU
		{583423C5-89F0-4CC2-8ABE-88BBA24385AE}.Debug|Any CPU.Build.0 = Debug|Any CPU
		{583423C5-89F0-4CC2-8ABE-88BBA24385AE}.Debug|iPhone.ActiveCfg = Debug|Any CPU
		{583423C5-89F0-4CC2-8ABE-88BBA24385AE}.Debug|iPhone.Build.0 = Debug|Any CPU
		{583423C5-89F0-4CC2-8ABE-88BBA24385AE}.Debug|iPhoneSimulator.ActiveCfg = Debug|Any CPU
		{583423C5-89F0-4CC2-8ABE-88BBA24385AE}.Debug|iPhoneSimulator.Build.0 = Debug|Any CPU
		{583423C5-89F0-4CC2-8ABE-88BBA24385AE}.Release|Any CPU.ActiveCfg = Release|Any CPU
		{583423C5-89F0-4CC2-8ABE-88BBA24385AE}.Release|Any CPU.Build.0 = Release|Any CPU
		{583423C5-89F0-4CC2-8ABE-88BBA24385AE}.Release|iPhone.ActiveCfg = Release|Any CPU
		{583423C5-89F0-4CC2-8ABE-88BBA24385AE}.Release|iPhone.Build.0 = Release|Any CPU
		{583423C5-89F0-4CC2-8ABE-88BBA24385AE}.Release|iPhoneSimulator.ActiveCfg = Release|Any CPU
		{583423C5-89F0-4CC2-8ABE-88BBA24385AE}.Release|iPhoneSimulator.Build.0 = Release|Any CPU
		{80A96B52-6758-4BDB-B0B4-CEA4CA155C60}.Ad-Hoc|Any CPU.ActiveCfg = Release|iPhone
		{80A96B52-6758-4BDB-B0B4-CEA4CA155C60}.Ad-Hoc|Any CPU.Build.0 = Release|iPhone
		{80A96B52-6758-4BDB-B0B4-CEA4CA155C60}.Ad-Hoc|iPhone.ActiveCfg = Release|iPhone
		{80A96B52-6758-4BDB-B0B4-CEA4CA155C60}.Ad-Hoc|iPhone.Build.0 = Release|iPhone
		{80A96B52-6758-4BDB-B0B4-CEA4CA155C60}.Ad-Hoc|iPhoneSimulator.ActiveCfg = Release|iPhoneSimulator
		{80A96B52-6758-4BDB-B0B4-CEA4CA155C60}.Ad-Hoc|iPhoneSimulator.Build.0 = Release|iPhoneSimulator
		{80A96B52-6758-4BDB-B0B4-CEA4CA155C60}.AppStore|Any CPU.ActiveCfg = Release|iPhone
		{80A96B52-6758-4BDB-B0B4-CEA4CA155C60}.AppStore|Any CPU.Build.0 = Release|iPhone
		{80A96B52-6758-4BDB-B0B4-CEA4CA155C60}.AppStore|iPhone.ActiveCfg = Release|iPhone
		{80A96B52-6758-4BDB-B0B4-CEA4CA155C60}.AppStore|iPhone.Build.0 = Release|iPhone
		{80A96B52-6758-4BDB-B0B4-CEA4CA155C60}.AppStore|iPhoneSimulator.ActiveCfg = Release|iPhoneSimulator
		{80A96B52-6758-4BDB-B0B4-CEA4CA155C60}.AppStore|iPhoneSimulator.Build.0 = Release|iPhoneSimulator
		{80A96B52-6758-4BDB-B0B4-CEA4CA155C60}.Debug|Any CPU.ActiveCfg = Debug|iPhone
		{80A96B52-6758-4BDB-B0B4-CEA4CA155C60}.Debug|iPhone.ActiveCfg = Debug|iPhone
		{80A96B52-6758-4BDB-B0B4-CEA4CA155C60}.Debug|iPhone.Build.0 = Debug|iPhone
		{80A96B52-6758-4BDB-B0B4-CEA4CA155C60}.Debug|iPhoneSimulator.ActiveCfg = Debug|iPhoneSimulator
		{80A96B52-6758-4BDB-B0B4-CEA4CA155C60}.Debug|iPhoneSimulator.Build.0 = Debug|iPhoneSimulator
		{80A96B52-6758-4BDB-B0B4-CEA4CA155C60}.Release|Any CPU.ActiveCfg = Release|iPhone
		{80A96B52-6758-4BDB-B0B4-CEA4CA155C60}.Release|iPhone.ActiveCfg = Release|iPhone
		{80A96B52-6758-4BDB-B0B4-CEA4CA155C60}.Release|iPhone.Build.0 = Release|iPhone
		{80A96B52-6758-4BDB-B0B4-CEA4CA155C60}.Release|iPhoneSimulator.ActiveCfg = Release|iPhoneSimulator
		{80A96B52-6758-4BDB-B0B4-CEA4CA155C60}.Release|iPhoneSimulator.Build.0 = Release|iPhoneSimulator
		{12AD15BC-130B-46C2-B89E-FAE97027BBF3}.Ad-Hoc|Any CPU.ActiveCfg = Release|Any CPU
		{12AD15BC-130B-46C2-B89E-FAE97027BBF3}.Ad-Hoc|Any CPU.Build.0 = Release|Any CPU
		{12AD15BC-130B-46C2-B89E-FAE97027BBF3}.Ad-Hoc|Any CPU.Deploy.0 = Release|Any CPU
		{12AD15BC-130B-46C2-B89E-FAE97027BBF3}.Ad-Hoc|iPhone.ActiveCfg = Release|Any CPU
		{12AD15BC-130B-46C2-B89E-FAE97027BBF3}.Ad-Hoc|iPhone.Build.0 = Release|Any CPU
		{12AD15BC-130B-46C2-B89E-FAE97027BBF3}.Ad-Hoc|iPhone.Deploy.0 = Release|Any CPU
		{12AD15BC-130B-46C2-B89E-FAE97027BBF3}.Ad-Hoc|iPhoneSimulator.ActiveCfg = Release|Any CPU
		{12AD15BC-130B-46C2-B89E-FAE97027BBF3}.Ad-Hoc|iPhoneSimulator.Build.0 = Release|Any CPU
		{12AD15BC-130B-46C2-B89E-FAE97027BBF3}.Ad-Hoc|iPhoneSimulator.Deploy.0 = Release|Any CPU
		{12AD15BC-130B-46C2-B89E-FAE97027BBF3}.AppStore|Any CPU.ActiveCfg = Release|Any CPU
		{12AD15BC-130B-46C2-B89E-FAE97027BBF3}.AppStore|Any CPU.Build.0 = Release|Any CPU
		{12AD15BC-130B-46C2-B89E-FAE97027BBF3}.AppStore|Any CPU.Deploy.0 = Release|Any CPU
		{12AD15BC-130B-46C2-B89E-FAE97027BBF3}.AppStore|iPhone.ActiveCfg = Release|Any CPU
		{12AD15BC-130B-46C2-B89E-FAE97027BBF3}.AppStore|iPhone.Build.0 = Release|Any CPU
		{12AD15BC-130B-46C2-B89E-FAE97027BBF3}.AppStore|iPhone.Deploy.0 = Release|Any CPU
		{12AD15BC-130B-46C2-B89E-FAE97027BBF3}.AppStore|iPhoneSimulator.ActiveCfg = Release|Any CPU
		{12AD15BC-130B-46C2-B89E-FAE97027BBF3}.AppStore|iPhoneSimulator.Build.0 = Release|Any CPU
		{12AD15BC-130B-46C2-B89E-FAE97027BBF3}.AppStore|iPhoneSimulator.Deploy.0 = Release|Any CPU
		{12AD15BC-130B-46C2-B89E-FAE97027BBF3}.Debug|Any CPU.ActiveCfg = Debug|Any CPU
		{12AD15BC-130B-46C2-B89E-FAE97027BBF3}.Debug|Any CPU.Build.0 = Debug|Any CPU
		{12AD15BC-130B-46C2-B89E-FAE97027BBF3}.Debug|Any CPU.Deploy.0 = Debug|Any CPU
		{12AD15BC-130B-46C2-B89E-FAE97027BBF3}.Debug|iPhone.ActiveCfg = Debug|Any CPU
		{12AD15BC-130B-46C2-B89E-FAE97027BBF3}.Debug|iPhone.Build.0 = Debug|Any CPU
		{12AD15BC-130B-46C2-B89E-FAE97027BBF3}.Debug|iPhone.Deploy.0 = Debug|Any CPU
		{12AD15BC-130B-46C2-B89E-FAE97027BBF3}.Debug|iPhoneSimulator.ActiveCfg = Debug|Any CPU
		{12AD15BC-130B-46C2-B89E-FAE97027BBF3}.Debug|iPhoneSimulator.Build.0 = Debug|Any CPU
		{12AD15BC-130B-46C2-B89E-FAE97027BBF3}.Debug|iPhoneSimulator.Deploy.0 = Debug|Any CPU
		{12AD15BC-130B-46C2-B89E-FAE97027BBF3}.Release|Any CPU.ActiveCfg = Release|Any CPU
		{12AD15BC-130B-46C2-B89E-FAE97027BBF3}.Release|Any CPU.Build.0 = Release|Any CPU
		{12AD15BC-130B-46C2-B89E-FAE97027BBF3}.Release|Any CPU.Deploy.0 = Release|Any CPU
		{12AD15BC-130B-46C2-B89E-FAE97027BBF3}.Release|iPhone.ActiveCfg = Release|Any CPU
		{12AD15BC-130B-46C2-B89E-FAE97027BBF3}.Release|iPhone.Build.0 = Release|Any CPU
		{12AD15BC-130B-46C2-B89E-FAE97027BBF3}.Release|iPhone.Deploy.0 = Release|Any CPU
		{12AD15BC-130B-46C2-B89E-FAE97027BBF3}.Release|iPhoneSimulator.ActiveCfg = Release|Any CPU
		{12AD15BC-130B-46C2-B89E-FAE97027BBF3}.Release|iPhoneSimulator.Build.0 = Release|Any CPU
		{12AD15BC-130B-46C2-B89E-FAE97027BBF3}.Release|iPhoneSimulator.Deploy.0 = Release|Any CPU
	EndGlobalSection
	GlobalSection(SolutionProperties) = preSolution
		HideSolutionNode = FALSE
	EndGlobalSection
	GlobalSection(NestedProjects) = preSolution
		{583423C5-89F0-4CC2-8ABE-88BBA24385AE} = {B80B6043-8805-4583-B113-3C227935BAF9}
		{80A96B52-6758-4BDB-B0B4-CEA4CA155C60} = {B80B6043-8805-4583-B113-3C227935BAF9}
		{12AD15BC-130B-46C2-B89E-FAE97027BBF3} = {B80B6043-8805-4583-B113-3C227935BAF9}
	EndGlobalSection
	GlobalSection(ExtensibilityGlobals) = postSolution
		SolutionGuid = {8C2DC404-8E52-4D7D-84EC-0689D4D13CFA}
	EndGlobalSection
EndGlobal
